{
  "version": 4,
  "terraform_version": "1.9.5",
  "serial": 73,
  "lineage": "bb4ee0d8-18ed-e4b9-bfda-5980664b6d31",
  "outputs": {
    "eks_addons": {
      "value": {
        "kube-proxy": {
          "arn": "arn:aws:eks:us-east-2:625471336399:addon/EKS_Dev_130/kube-proxy/3ac8f076-9e3a-dc8a-4455-677b4cd4bfb4",
          "service_role_arn": "",
          "version": "v1.30.3-eksbuild.5"
        },
        "vpc-cni": {
          "arn": "arn:aws:eks:us-east-2:625471336399:addon/EKS_Dev_130/vpc-cni/30c8f076-9e3b-7a4c-fcf5-3565be5d03d5",
          "service_role_arn": "",
          "version": "v1.18.3-eksbuild.3"
        }
      },
      "type": [
        "object",
        {
          "kube-proxy": [
            "object",
            {
              "arn": "string",
              "service_role_arn": "string",
              "version": "string"
            }
          ],
          "vpc-cni": [
            "object",
            {
              "arn": "string",
              "service_role_arn": "string",
              "version": "string"
            }
          ]
        }
      ]
    },
    "eks_cluster_arn": {
      "value": "arn:aws:eks:us-east-2:625471336399:cluster/EKS_Dev_130",
      "type": "string"
    },
    "eks_cluster_certificate_authority": {
      "value": "LS0tLS1CRUdJTiBDRVJUSUZJQ0FURS0tLS0tCk1JSURCVENDQWUyZ0F3SUJBZ0lJUUZYL2VScDZwNFV3RFFZSktvWklodmNOQVFFTEJRQXdGVEVUTUJFR0ExVUUKQXhNS2EzVmlaWEp1WlhSbGN6QWVGdzB5TkRBNU1URXhNVFEwTURGYUZ3MHpOREE1TURreE1UUTVNREZhTUJVeApFekFSQmdOVkJBTVRDbXQxWW1WeWJtVjBaWE13Z2dFaU1BMEdDU3FHU0liM0RRRUJBUVVBQTRJQkR3QXdnZ0VLCkFvSUJBUUMyUVNzckZ2KzFhMTdwdUJ4L3VCTURxV24xYmQvVk44Q2hHNHNzS0FwdWxhWDRmb3BUZEdIeVFVOUsKZWJhRjdad25QWEVKS2o4UHJVL1ArSHVkK2JmTGRlMi9VWGZFc3VBVFZaSXBzSWwxeklESTc0UUpaUEtxamYwbQpDTGRNaXRXR0N5TVM1Q0laUlhQK0syL1ptVTJtdHQ1VjkrcWNDUGVFbFVoTXo3N2p3dGtBcUtmcnNPNzFCT2xoCkRscE9jcS8ra0JZbGMyenVBamt6dVMzK1NVSzQ2NFdNa0w2Mnl0ZTBBY1RwMzVheXk1d0d4YkwyZUtDa1NqcjYKYWN4VzBPK29OcnFVVGRnNHI4bDlvK1RYYWE4R2Q4Z0d2QUJ2NXV2MUtVYVRFR1ZjR3VuL20ybndkeEJ2TzRUcApWaTRXVHQ3OTJRWWFlNlEvKzVhOGNCNEFFQnZsQWdNQkFBR2pXVEJYTUE0R0ExVWREd0VCL3dRRUF3SUNwREFQCkJnTlZIUk1CQWY4RUJUQURBUUgvTUIwR0ExVWREZ1FXQkJUeStGdy96Tzh0QmU3OWJMeExUTzByYTBkME96QVYKQmdOVkhSRUVEakFNZ2dwcmRXSmxjbTVsZEdWek1BMEdDU3FHU0liM0RRRUJDd1VBQTRJQkFRQkNNUXBCNDhIWApyZXVGdE9wbGU5dGVYYVlQVVlFOW9xcXBqblI4TWV6VnBIdGlLYlF5aWJPOWNPNE1SVkpodWJJb3FOTEliQ2VSCnBPN1ZpYUs0V3RodWhvMDNhcGgwaG1yR2RUbEFEc1pxVVdmVjJja1Yvb0xiMFhKSERHRjJ5U09iZ2x1ZlVHTEgKUk5zVnpycDdkNUFXM1M2WTRPbDdKNTc1Y2ZSWmJrSi95a0FocndhSlE1aCtDcExKSnpsVmdMdng4NVZocE1PbgpzTmQ2UVpQQVF4ekZ2RW5lTXQxV3djR0hLWWZHNkJGMnJoVGEvRGNDRVBEWXFrYmVoYkdoWDhrR0xwRjVsOXF1CkF0TnllenQxVmNHT3NSbHVyWVdEdlhacXhPaUZlQWI5eWtyUXJVOUVMSmNUVm5hYVBDU1oySlFrbTdzTUVSZ3UKZk9lWCttNmZYQzd1Ci0tLS0tRU5EIENFUlRJRklDQVRFLS0tLS0K",
      "type": "string"
    },
    "eks_cluster_endpoint": {
      "value": "https://135F9646D897846F84947FA764CFB50E.gr7.us-east-2.eks.amazonaws.com",
      "type": "string"
    },
    "eks_cluster_name": {
      "value": "EKS_Dev_130",
      "type": "string"
    },
    "eks_cluster_version": {
      "value": "1.30",
      "type": "string"
    },
    "eks_node_group_arns": {
      "value": [
        "arn:aws:eks:us-east-2:625471336399:nodegroup/EKS_Dev_130/EKS_NG_large_01/82c8f076-9e37-7e6e-5ef5-4d3f1fe26c6c",
        "arn:aws:eks:us-east-2:625471336399:nodegroup/EKS_Dev_130/EKS_NG_xlarge_01/32c8f076-9e33-9819-ebe2-16d83c1d7736"
      ],
      "type": [
        "tuple",
        [
          "string",
          "string"
        ]
      ]
    },
    "eks_node_group_details": {
      "value": {
        "EKS_NG_large_01": {
          "ami_type": "AL2_x86_64",
          "capacity_type": "ON_DEMAND",
          "desired_size": 2,
          "instance_type": [
            "t3.medium"
          ],
          "launch_template": "lt-03e9dbc69ebc90e53",
          "max_size": 5,
          "min_size": 1
        },
        "EKS_NG_xlarge_01": {
          "ami_type": "AL2_x86_64",
          "capacity_type": "ON_DEMAND",
          "desired_size": 2,
          "instance_type": [
            "t3.medium"
          ],
          "launch_template": "lt-073b996954553c6e0",
          "max_size": 5,
          "min_size": 1
        }
      },
      "type": [
        "object",
        {
          "EKS_NG_large_01": [
            "object",
            {
              "ami_type": "string",
              "capacity_type": "string",
              "desired_size": "number",
              "instance_type": [
                "list",
                "string"
              ],
              "launch_template": "string",
              "max_size": "number",
              "min_size": "number"
            }
          ],
          "EKS_NG_xlarge_01": [
            "object",
            {
              "ami_type": "string",
              "capacity_type": "string",
              "desired_size": "number",
              "instance_type": [
                "list",
                "string"
              ],
              "launch_template": "string",
              "max_size": "number",
              "min_size": "number"
            }
          ]
        }
      ]
    },
    "eks_service_ipv4_cidr": {
      "value": "10.100.0.0/16",
      "type": "string"
    },
    "eks_vpc_config": {
      "value": {
        "cluster_security_group": "sg-068ca6766f2242cb9",
        "subnet_ids": [
          "subnet-0596c75429752806f",
          "subnet-0f7e874cfab39f625",
          "subnet-0f92250439bb6f0a5"
        ],
        "vpc_id": "vpc-0f3812fa9dd2e97d5"
      },
      "type": [
        "object",
        {
          "cluster_security_group": "string",
          "subnet_ids": [
            "set",
            "string"
          ],
          "vpc_id": "string"
        }
      ]
    }
  },
  "resources": [
    {
      "mode": "data",
      "type": "aws_iam_policy_document",
      "name": "eks_assume_role_policy",
      "provider": "provider[\"registry.terraform.io/hashicorp/aws\"]",
      "instances": [
        {
          "schema_version": 0,
          "attributes": {
            "id": "742302374",
            "json": "{\n  \"Version\": \"2012-10-17\",\n  \"Statement\": [\n    {\n      \"Effect\": \"Allow\",\n      \"Action\": \"sts:AssumeRole\",\n      \"Principal\": {\n        \"Service\": \"eks.amazonaws.com\"\n      }\n    }\n  ]\n}",
            "minified_json": "{\"Version\":\"2012-10-17\",\"Statement\":[{\"Effect\":\"Allow\",\"Action\":\"sts:AssumeRole\",\"Principal\":{\"Service\":\"eks.amazonaws.com\"}}]}",
            "override_json": null,
            "override_policy_documents": null,
            "policy_id": null,
            "source_json": null,
            "source_policy_documents": null,
            "statement": [
              {
                "actions": [
                  "sts:AssumeRole"
                ],
                "condition": [],
                "effect": "Allow",
                "not_actions": [],
                "not_principals": [],
                "not_resources": [],
                "principals": [
                  {
                    "identifiers": [
                      "eks.amazonaws.com"
                    ],
                    "type": "Service"
                  }
                ],
                "resources": [],
                "sid": ""
              }
            ],
            "version": "2012-10-17"
          },
          "sensitive_attributes": []
        }
      ]
    },
    {
      "mode": "data",
      "type": "aws_iam_policy_document",
      "name": "eks_node_assume_role_policy",
      "provider": "provider[\"registry.terraform.io/hashicorp/aws\"]",
      "instances": [
        {
          "schema_version": 0,
          "attributes": {
            "id": "1443847869",
            "json": "{\n  \"Version\": \"2012-10-17\",\n  \"Statement\": [\n    {\n      \"Effect\": \"Allow\",\n      \"Action\": \"sts:AssumeRole\",\n      \"Principal\": {\n        \"Service\": \"ec2.amazonaws.com\"\n      }\n    }\n  ]\n}",
            "minified_json": "{\"Version\":\"2012-10-17\",\"Statement\":[{\"Effect\":\"Allow\",\"Action\":\"sts:AssumeRole\",\"Principal\":{\"Service\":\"ec2.amazonaws.com\"}}]}",
            "override_json": null,
            "override_policy_documents": null,
            "policy_id": null,
            "source_json": null,
            "source_policy_documents": null,
            "statement": [
              {
                "actions": [
                  "sts:AssumeRole"
                ],
                "condition": [],
                "effect": "Allow",
                "not_actions": [],
                "not_principals": [],
                "not_resources": [],
                "principals": [
                  {
                    "identifiers": [
                      "ec2.amazonaws.com"
                    ],
                    "type": "Service"
                  }
                ],
                "resources": [],
                "sid": ""
              }
            ],
            "version": "2012-10-17"
          },
          "sensitive_attributes": []
        }
      ]
    },
    {
      "mode": "managed",
      "type": "aws_eks_addon",
      "name": "new_eks_addon",
      "provider": "provider[\"registry.terraform.io/hashicorp/aws\"]",
      "instances": [
        {
          "index_key": "kube-proxy",
          "schema_version": 0,
          "attributes": {
            "addon_name": "kube-proxy",
            "addon_version": "v1.30.3-eksbuild.5",
            "arn": "arn:aws:eks:us-east-2:625471336399:addon/EKS_Dev_130/kube-proxy/3ac8f076-9e3a-dc8a-4455-677b4cd4bfb4",
            "cluster_name": "EKS_Dev_130",
            "configuration_values": "",
            "created_at": "2024-09-11T11:52:09Z",
            "id": "EKS_Dev_130:kube-proxy",
            "modified_at": "2024-09-11T11:52:17Z",
            "preserve": null,
            "resolve_conflicts": null,
            "resolve_conflicts_on_create": null,
            "resolve_conflicts_on_update": null,
            "service_account_role_arn": "",
            "tags": null,
            "tags_all": {},
            "timeouts": null
          },
          "sensitive_attributes": [],
          "private": "eyJlMmJmYjczMC1lY2FhLTExZTYtOGY4OC0zNDM2M2JjN2M0YzAiOnsiY3JlYXRlIjoxMjAwMDAwMDAwMDAwLCJkZWxldGUiOjI0MDAwMDAwMDAwMDAsInVwZGF0ZSI6MTIwMDAwMDAwMDAwMH19",
          "dependencies": [
            "aws_eks_cluster.new_eks_cluster",
            "aws_iam_role.eks_cluster_role",
            "data.aws_iam_policy_document.eks_assume_role_policy"
          ]
        },
        {
          "index_key": "vpc-cni",
          "schema_version": 0,
          "attributes": {
            "addon_name": "vpc-cni",
            "addon_version": "v1.18.3-eksbuild.3",
            "arn": "arn:aws:eks:us-east-2:625471336399:addon/EKS_Dev_130/vpc-cni/30c8f076-9e3b-7a4c-fcf5-3565be5d03d5",
            "cluster_name": "EKS_Dev_130",
            "configuration_values": "",
            "created_at": "2024-09-11T11:52:09Z",
            "id": "EKS_Dev_130:vpc-cni",
            "modified_at": "2024-09-11T11:52:18Z",
            "preserve": null,
            "resolve_conflicts": null,
            "resolve_conflicts_on_create": null,
            "resolve_conflicts_on_update": null,
            "service_account_role_arn": "",
            "tags": null,
            "tags_all": {},
            "timeouts": null
          },
          "sensitive_attributes": [],
          "private": "eyJlMmJmYjczMC1lY2FhLTExZTYtOGY4OC0zNDM2M2JjN2M0YzAiOnsiY3JlYXRlIjoxMjAwMDAwMDAwMDAwLCJkZWxldGUiOjI0MDAwMDAwMDAwMDAsInVwZGF0ZSI6MTIwMDAwMDAwMDAwMH19",
          "dependencies": [
            "aws_eks_cluster.new_eks_cluster",
            "aws_iam_role.eks_cluster_role",
            "data.aws_iam_policy_document.eks_assume_role_policy"
          ]
        }
      ]
    },
    {
      "mode": "managed",
      "type": "aws_eks_cluster",
      "name": "new_eks_cluster",
      "provider": "provider[\"registry.terraform.io/hashicorp/aws\"]",
      "instances": [
        {
          "schema_version": 1,
          "attributes": {
            "access_config": [
              {
                "authentication_mode": "CONFIG_MAP",
                "bootstrap_cluster_creator_admin_permissions": true
              }
            ],
            "arn": "arn:aws:eks:us-east-2:625471336399:cluster/EKS_Dev_130",
            "bootstrap_self_managed_addons": true,
            "certificate_authority": [
              {
                "data": "LS0tLS1CRUdJTiBDRVJUSUZJQ0FURS0tLS0tCk1JSURCVENDQWUyZ0F3SUJBZ0lJUUZYL2VScDZwNFV3RFFZSktvWklodmNOQVFFTEJRQXdGVEVUTUJFR0ExVUUKQXhNS2EzVmlaWEp1WlhSbGN6QWVGdzB5TkRBNU1URXhNVFEwTURGYUZ3MHpOREE1TURreE1UUTVNREZhTUJVeApFekFSQmdOVkJBTVRDbXQxWW1WeWJtVjBaWE13Z2dFaU1BMEdDU3FHU0liM0RRRUJBUVVBQTRJQkR3QXdnZ0VLCkFvSUJBUUMyUVNzckZ2KzFhMTdwdUJ4L3VCTURxV24xYmQvVk44Q2hHNHNzS0FwdWxhWDRmb3BUZEdIeVFVOUsKZWJhRjdad25QWEVKS2o4UHJVL1ArSHVkK2JmTGRlMi9VWGZFc3VBVFZaSXBzSWwxeklESTc0UUpaUEtxamYwbQpDTGRNaXRXR0N5TVM1Q0laUlhQK0syL1ptVTJtdHQ1VjkrcWNDUGVFbFVoTXo3N2p3dGtBcUtmcnNPNzFCT2xoCkRscE9jcS8ra0JZbGMyenVBamt6dVMzK1NVSzQ2NFdNa0w2Mnl0ZTBBY1RwMzVheXk1d0d4YkwyZUtDa1NqcjYKYWN4VzBPK29OcnFVVGRnNHI4bDlvK1RYYWE4R2Q4Z0d2QUJ2NXV2MUtVYVRFR1ZjR3VuL20ybndkeEJ2TzRUcApWaTRXVHQ3OTJRWWFlNlEvKzVhOGNCNEFFQnZsQWdNQkFBR2pXVEJYTUE0R0ExVWREd0VCL3dRRUF3SUNwREFQCkJnTlZIUk1CQWY4RUJUQURBUUgvTUIwR0ExVWREZ1FXQkJUeStGdy96Tzh0QmU3OWJMeExUTzByYTBkME96QVYKQmdOVkhSRUVEakFNZ2dwcmRXSmxjbTVsZEdWek1BMEdDU3FHU0liM0RRRUJDd1VBQTRJQkFRQkNNUXBCNDhIWApyZXVGdE9wbGU5dGVYYVlQVVlFOW9xcXBqblI4TWV6VnBIdGlLYlF5aWJPOWNPNE1SVkpodWJJb3FOTEliQ2VSCnBPN1ZpYUs0V3RodWhvMDNhcGgwaG1yR2RUbEFEc1pxVVdmVjJja1Yvb0xiMFhKSERHRjJ5U09iZ2x1ZlVHTEgKUk5zVnpycDdkNUFXM1M2WTRPbDdKNTc1Y2ZSWmJrSi95a0FocndhSlE1aCtDcExKSnpsVmdMdng4NVZocE1PbgpzTmQ2UVpQQVF4ekZ2RW5lTXQxV3djR0hLWWZHNkJGMnJoVGEvRGNDRVBEWXFrYmVoYkdoWDhrR0xwRjVsOXF1CkF0TnllenQxVmNHT3NSbHVyWVdEdlhacXhPaUZlQWI5eWtyUXJVOUVMSmNUVm5hYVBDU1oySlFrbTdzTUVSZ3UKZk9lWCttNmZYQzd1Ci0tLS0tRU5EIENFUlRJRklDQVRFLS0tLS0K"
              }
            ],
            "cluster_id": null,
            "created_at": "2024-09-11 11:44:37.282 +0000 UTC",
            "enabled_cluster_log_types": null,
            "encryption_config": [],
            "endpoint": "https://135F9646D897846F84947FA764CFB50E.gr7.us-east-2.eks.amazonaws.com",
            "id": "EKS_Dev_130",
            "identity": [
              {
                "oidc": [
                  {
                    "issuer": "https://oidc.eks.us-east-2.amazonaws.com/id/135F9646D897846F84947FA764CFB50E"
                  }
                ]
              }
            ],
            "kubernetes_network_config": [
              {
                "ip_family": "ipv4",
                "service_ipv4_cidr": "10.100.0.0/16",
                "service_ipv6_cidr": ""
              }
            ],
            "name": "EKS_Dev_130",
            "outpost_config": [],
            "platform_version": "eks.8",
            "role_arn": "arn:aws:iam::625471336399:role/eks-cluster-role-staging",
            "status": "ACTIVE",
            "tags": {
              "Environment": "new-staging-1.30"
            },
            "tags_all": {
              "Environment": "new-staging-1.30"
            },
            "timeouts": null,
            "upgrade_policy": [
              {
                "support_type": "EXTENDED"
              }
            ],
            "version": "1.30",
            "vpc_config": [
              {
                "cluster_security_group_id": "sg-068ca6766f2242cb9",
                "endpoint_private_access": false,
                "endpoint_public_access": true,
                "public_access_cidrs": [
                  "0.0.0.0/0"
                ],
                "security_group_ids": null,
                "subnet_ids": [
                  "subnet-0596c75429752806f",
                  "subnet-0f7e874cfab39f625",
                  "subnet-0f92250439bb6f0a5"
                ],
                "vpc_id": "vpc-0f3812fa9dd2e97d5"
              }
            ]
          },
          "sensitive_attributes": [],
          "private": "eyJlMmJmYjczMC1lY2FhLTExZTYtOGY4OC0zNDM2M2JjN2M0YzAiOnsiY3JlYXRlIjoxODAwMDAwMDAwMDAwLCJkZWxldGUiOjkwMDAwMDAwMDAwMCwidXBkYXRlIjozNjAwMDAwMDAwMDAwfSwic2NoZW1hX3ZlcnNpb24iOiIxIn0=",
          "dependencies": [
            "aws_iam_role.eks_cluster_role",
            "data.aws_iam_policy_document.eks_assume_role_policy"
          ]
        }
      ]
    },
    {
      "mode": "managed",
      "type": "aws_eks_node_group",
      "name": "new_eks_node_group",
      "provider": "provider[\"registry.terraform.io/hashicorp/aws\"]",
      "instances": [
        {
          "index_key": "EKS_NG_large_01",
          "schema_version": 0,
          "attributes": {
            "ami_type": "AL2_x86_64",
            "arn": "arn:aws:eks:us-east-2:625471336399:nodegroup/EKS_Dev_130/EKS_NG_large_01/82c8f076-9e37-7e6e-5ef5-4d3f1fe26c6c",
            "capacity_type": "ON_DEMAND",
            "cluster_name": "EKS_Dev_130",
            "disk_size": 0,
            "force_update_version": null,
            "id": "EKS_Dev_130:EKS_NG_large_01",
            "instance_types": [
              "t3.medium"
            ],
            "labels": {
              "deployment-tag": "3.0.0",
              "nodegroup-role": "worker"
            },
            "launch_template": [
              {
                "id": "lt-03e9dbc69ebc90e53",
                "name": "EKS_NG_large_01_Template",
                "version": "1"
              }
            ],
            "node_group_name": "EKS_NG_large_01",
            "node_group_name_prefix": "",
            "node_role_arn": "arn:aws:iam::625471336399:role/eks-nodegroup-role-staging",
            "release_version": "1.30.2-20240904",
            "remote_access": [],
            "resources": [
              {
                "autoscaling_groups": [
                  {
                    "name": "eks-EKS_NG_large_01-82c8f076-9e37-7e6e-5ef5-4d3f1fe26c6c"
                  }
                ],
                "remote_access_security_group_id": ""
              }
            ],
            "scaling_config": [
              {
                "desired_size": 2,
                "max_size": 5,
                "min_size": 1
              }
            ],
            "status": "ACTIVE",
            "subnet_ids": [
              "subnet-0596c75429752806f",
              "subnet-0f7e874cfab39f625",
              "subnet-0f92250439bb6f0a5"
            ],
            "tags": {
              "Environment": "staging-1.30"
            },
            "tags_all": {
              "Environment": "staging-1.30"
            },
            "taint": [],
            "timeouts": null,
            "update_config": [
              {
                "max_unavailable": 1,
                "max_unavailable_percentage": 0
              }
            ],
            "version": "1.30"
          },
          "sensitive_attributes": [],
          "private": "eyJlMmJmYjczMC1lY2FhLTExZTYtOGY4OC0zNDM2M2JjN2M0YzAiOnsiY3JlYXRlIjozNjAwMDAwMDAwMDAwLCJkZWxldGUiOjM2MDAwMDAwMDAwMDAsInVwZGF0ZSI6MzYwMDAwMDAwMDAwMH19",
          "dependencies": [
            "aws_eks_cluster.new_eks_cluster",
            "aws_iam_role.eks_cluster_role",
            "aws_iam_role.eks_node_group_role",
            "aws_launch_template.EKS_NG_large_01_Template",
            "aws_launch_template.EKS_NG_xlarge_01_Template",
            "data.aws_iam_policy_document.eks_assume_role_policy",
            "data.aws_iam_policy_document.eks_node_assume_role_policy"
          ]
        },
        {
          "index_key": "EKS_NG_xlarge_01",
          "schema_version": 0,
          "attributes": {
            "ami_type": "AL2_x86_64",
            "arn": "arn:aws:eks:us-east-2:625471336399:nodegroup/EKS_Dev_130/EKS_NG_xlarge_01/32c8f076-9e33-9819-ebe2-16d83c1d7736",
            "capacity_type": "ON_DEMAND",
            "cluster_name": "EKS_Dev_130",
            "disk_size": 0,
            "force_update_version": null,
            "id": "EKS_Dev_130:EKS_NG_xlarge_01",
            "instance_types": [
              "t3.medium"
            ],
            "labels": {
              "deployment-tag": "3.0.0",
              "nodegroup-role": "worker"
            },
            "launch_template": [
              {
                "id": "lt-073b996954553c6e0",
                "name": "EKS_NG_xlarge_01_Template",
                "version": "1"
              }
            ],
            "node_group_name": "EKS_NG_xlarge_01",
            "node_group_name_prefix": "",
            "node_role_arn": "arn:aws:iam::625471336399:role/eks-nodegroup-role-staging",
            "release_version": "1.30.2-20240904",
            "remote_access": [],
            "resources": [
              {
                "autoscaling_groups": [
                  {
                    "name": "eks-EKS_NG_xlarge_01-32c8f076-9e33-9819-ebe2-16d83c1d7736"
                  }
                ],
                "remote_access_security_group_id": ""
              }
            ],
            "scaling_config": [
              {
                "desired_size": 2,
                "max_size": 5,
                "min_size": 1
              }
            ],
            "status": "ACTIVE",
            "subnet_ids": [
              "subnet-0596c75429752806f",
              "subnet-0f7e874cfab39f625",
              "subnet-0f92250439bb6f0a5"
            ],
            "tags": {
              "Environment": "staging-1.30"
            },
            "tags_all": {
              "Environment": "staging-1.30"
            },
            "taint": [],
            "timeouts": null,
            "update_config": [
              {
                "max_unavailable": 1,
                "max_unavailable_percentage": 0
              }
            ],
            "version": "1.30"
          },
          "sensitive_attributes": [],
          "private": "eyJlMmJmYjczMC1lY2FhLTExZTYtOGY4OC0zNDM2M2JjN2M0YzAiOnsiY3JlYXRlIjozNjAwMDAwMDAwMDAwLCJkZWxldGUiOjM2MDAwMDAwMDAwMDAsInVwZGF0ZSI6MzYwMDAwMDAwMDAwMH19",
          "dependencies": [
            "aws_eks_cluster.new_eks_cluster",
            "aws_iam_role.eks_cluster_role",
            "aws_iam_role.eks_node_group_role",
            "aws_launch_template.EKS_NG_large_01_Template",
            "aws_launch_template.EKS_NG_xlarge_01_Template",
            "data.aws_iam_policy_document.eks_assume_role_policy",
            "data.aws_iam_policy_document.eks_node_assume_role_policy"
          ]
        }
      ]
    },
    {
      "mode": "managed",
      "type": "aws_iam_role",
      "name": "eks_cluster_role",
      "provider": "provider[\"registry.terraform.io/hashicorp/aws\"]",
      "instances": [
        {
          "schema_version": 0,
          "attributes": {
            "arn": "arn:aws:iam::625471336399:role/eks-cluster-role-staging",
            "assume_role_policy": "{\"Statement\":[{\"Action\":\"sts:AssumeRole\",\"Effect\":\"Allow\",\"Principal\":{\"Service\":\"eks.amazonaws.com\"}}],\"Version\":\"2012-10-17\"}",
            "create_date": "2024-09-11T11:44:33Z",
            "description": "",
            "force_detach_policies": false,
            "id": "eks-cluster-role-staging",
            "inline_policy": [],
            "managed_policy_arns": [],
            "max_session_duration": 3600,
            "name": "eks-cluster-role-staging",
            "name_prefix": "",
            "path": "/",
            "permissions_boundary": "",
            "tags": {
              "ClusterName": "EKS_Dev_130",
              "Name": "EKS_Dev_130/ServiceRole",
              "eksctl_version": "0.140.0"
            },
            "tags_all": {
              "ClusterName": "EKS_Dev_130",
              "Name": "EKS_Dev_130/ServiceRole",
              "eksctl_version": "0.140.0"
            },
            "unique_id": "AROAZDIH7F7HXOSAT6RFE"
          },
          "sensitive_attributes": [],
          "private": "bnVsbA==",
          "dependencies": [
            "data.aws_iam_policy_document.eks_assume_role_policy"
          ]
        }
      ]
    },
    {
      "mode": "managed",
      "type": "aws_iam_role",
      "name": "eks_node_group_role",
      "provider": "provider[\"registry.terraform.io/hashicorp/aws\"]",
      "instances": [
        {
          "schema_version": 0,
          "attributes": {
            "arn": "arn:aws:iam::625471336399:role/eks-nodegroup-role-staging",
            "assume_role_policy": "{\"Statement\":[{\"Action\":\"sts:AssumeRole\",\"Effect\":\"Allow\",\"Principal\":{\"Service\":\"ec2.amazonaws.com\"}}],\"Version\":\"2012-10-17\"}",
            "create_date": "2024-09-11T11:44:33Z",
            "description": "",
            "force_detach_policies": false,
            "id": "eks-nodegroup-role-staging",
            "inline_policy": [],
            "managed_policy_arns": [],
            "max_session_duration": 3600,
            "name": "eks-nodegroup-role-staging",
            "name_prefix": "",
            "path": "/",
            "permissions_boundary": "",
            "tags": {
              "ClusterName": "EKS_Dev_130",
              "Name": "EKS_Dev_130/NodeGroupRole"
            },
            "tags_all": {
              "ClusterName": "EKS_Dev_130",
              "Name": "EKS_Dev_130/NodeGroupRole"
            },
            "unique_id": "AROAZDIH7F7HREPEUVSLY"
          },
          "sensitive_attributes": [],
          "private": "bnVsbA==",
          "dependencies": [
            "data.aws_iam_policy_document.eks_node_assume_role_policy"
          ]
        }
      ]
    },
    {
      "mode": "managed",
      "type": "aws_iam_role_policy_attachment",
      "name": "eks_cluster_policy_attachment",
      "provider": "provider[\"registry.terraform.io/hashicorp/aws\"]",
      "instances": [
        {
          "schema_version": 0,
          "attributes": {
            "id": "eks-cluster-role-staging-20240911114434871100000007",
            "policy_arn": "arn:aws:iam::aws:policy/AmazonEKSClusterPolicy",
            "role": "eks-cluster-role-staging"
          },
          "sensitive_attributes": [],
          "private": "bnVsbA==",
          "dependencies": [
            "aws_iam_role.eks_cluster_role",
            "data.aws_iam_policy_document.eks_assume_role_policy"
          ]
        }
      ]
    },
    {
      "mode": "managed",
      "type": "aws_iam_role_policy_attachment",
      "name": "eks_cni_policy_attachment",
      "provider": "provider[\"registry.terraform.io/hashicorp/aws\"]",
      "instances": [
        {
          "schema_version": 0,
          "attributes": {
            "id": "eks-nodegroup-role-staging-20240911114434166200000003",
            "policy_arn": "arn:aws:iam::aws:policy/AmazonEKS_CNI_Policy",
            "role": "eks-nodegroup-role-staging"
          },
          "sensitive_attributes": [],
          "private": "bnVsbA==",
          "dependencies": [
            "aws_iam_role.eks_node_group_role",
            "data.aws_iam_policy_document.eks_node_assume_role_policy"
          ]
        }
      ]
    },
    {
      "mode": "managed",
      "type": "aws_iam_role_policy_attachment",
      "name": "eks_ec2_registry_policy_attachment",
      "provider": "provider[\"registry.terraform.io/hashicorp/aws\"]",
      "instances": [
        {
          "schema_version": 0,
          "attributes": {
            "id": "eks-nodegroup-role-staging-20240911114434553900000006",
            "policy_arn": "arn:aws:iam::aws:policy/AmazonEC2ContainerRegistryReadOnly",
            "role": "eks-nodegroup-role-staging"
          },
          "sensitive_attributes": [],
          "private": "bnVsbA==",
          "dependencies": [
            "aws_iam_role.eks_node_group_role",
            "data.aws_iam_policy_document.eks_node_assume_role_policy"
          ]
        }
      ]
    },
    {
      "mode": "managed",
      "type": "aws_iam_role_policy_attachment",
      "name": "eks_vpc_cni_policy_attachment",
      "provider": "provider[\"registry.terraform.io/hashicorp/aws\"]",
      "instances": [
        {
          "schema_version": 0,
          "attributes": {
            "id": "eks-cluster-role-staging-20240911114434553900000005",
            "policy_arn": "arn:aws:iam::aws:policy/AmazonEKSVPCResourceController",
            "role": "eks-cluster-role-staging"
          },
          "sensitive_attributes": [],
          "private": "bnVsbA==",
          "dependencies": [
            "aws_iam_role.eks_cluster_role",
            "data.aws_iam_policy_document.eks_assume_role_policy"
          ]
        }
      ]
    },
    {
      "mode": "managed",
      "type": "aws_iam_role_policy_attachment",
      "name": "eks_worker_node_policy_attachment",
      "provider": "provider[\"registry.terraform.io/hashicorp/aws\"]",
      "instances": [
        {
          "schema_version": 0,
          "attributes": {
            "id": "eks-nodegroup-role-staging-20240911114434185400000004",
            "policy_arn": "arn:aws:iam::aws:policy/AmazonEKSWorkerNodePolicy",
            "role": "eks-nodegroup-role-staging"
          },
          "sensitive_attributes": [],
          "private": "bnVsbA==",
          "dependencies": [
            "aws_iam_role.eks_node_group_role",
            "data.aws_iam_policy_document.eks_node_assume_role_policy"
          ]
        }
      ]
    },
    {
      "mode": "managed",
      "type": "aws_launch_template",
      "name": "EKS_NG_large_01_Template",
      "provider": "provider[\"registry.terraform.io/hashicorp/aws\"]",
      "instances": [
        {
          "schema_version": 0,
          "attributes": {
            "arn": "arn:aws:ec2:us-east-2:625471336399:launch-template/lt-03e9dbc69ebc90e53",
            "block_device_mappings": [],
            "capacity_reservation_specification": [],
            "cpu_options": [],
            "credit_specification": [],
            "default_version": 1,
            "description": "",
            "disable_api_stop": false,
            "disable_api_termination": false,
            "ebs_optimized": "",
            "elastic_gpu_specifications": [],
            "elastic_inference_accelerator": [],
            "enclave_options": [],
            "hibernation_options": [],
            "iam_instance_profile": [],
            "id": "lt-03e9dbc69ebc90e53",
            "image_id": "",
            "instance_initiated_shutdown_behavior": "",
            "instance_market_options": [],
            "instance_requirements": [],
            "instance_type": "",
            "kernel_id": "",
            "key_name": "sre_ew1_linux",
            "latest_version": 1,
            "license_specification": [],
            "maintenance_options": [],
            "metadata_options": [],
            "monitoring": [],
            "name": "EKS_NG_large_01_Template",
            "name_prefix": "",
            "network_interfaces": [],
            "placement": [],
            "private_dns_name_options": [],
            "ram_disk_id": "",
            "security_group_names": null,
            "tag_specifications": [
              {
                "resource_type": "instance",
                "tags": {
                  "Name": "eks-node-large-01",
                  "alpha_eksctl_io_nodegroup_name": "managed-large-01",
                  "alpha_eksctl_io_nodegroup_type": "managed"
                }
              },
              {
                "resource_type": "volume",
                "tags": {
                  "Name": "eks-node-large-01",
                  "alpha_eksctl_io_nodegroup_name": "managed-large-01",
                  "alpha_eksctl_io_nodegroup_type": "managed"
                }
              },
              {
                "resource_type": "network-interface",
                "tags": {
                  "Name": "eks-node-large-01",
                  "alpha_eksctl_io_nodegroup_name": "managed-large-01",
                  "alpha_eksctl_io_nodegroup_type": "managed"
                }
              }
            ],
            "tags": null,
            "tags_all": {},
            "update_default_version": null,
            "user_data": "",
            "vpc_security_group_ids": null
          },
          "sensitive_attributes": [],
          "private": "bnVsbA=="
        }
      ]
    },
    {
      "mode": "managed",
      "type": "aws_launch_template",
      "name": "EKS_NG_xlarge_01_Template",
      "provider": "provider[\"registry.terraform.io/hashicorp/aws\"]",
      "instances": [
        {
          "schema_version": 0,
          "attributes": {
            "arn": "arn:aws:ec2:us-east-2:625471336399:launch-template/lt-073b996954553c6e0",
            "block_device_mappings": [],
            "capacity_reservation_specification": [],
            "cpu_options": [],
            "credit_specification": [],
            "default_version": 1,
            "description": "",
            "disable_api_stop": false,
            "disable_api_termination": false,
            "ebs_optimized": "",
            "elastic_gpu_specifications": [],
            "elastic_inference_accelerator": [],
            "enclave_options": [],
            "hibernation_options": [],
            "iam_instance_profile": [],
            "id": "lt-073b996954553c6e0",
            "image_id": "",
            "instance_initiated_shutdown_behavior": "",
            "instance_market_options": [],
            "instance_requirements": [],
            "instance_type": "",
            "kernel_id": "",
            "key_name": "sre_ew1_linux",
            "latest_version": 1,
            "license_specification": [],
            "maintenance_options": [],
            "metadata_options": [],
            "monitoring": [],
            "name": "EKS_NG_xlarge_01_Template",
            "name_prefix": "",
            "network_interfaces": [],
            "placement": [],
            "private_dns_name_options": [],
            "ram_disk_id": "",
            "security_group_names": null,
            "tag_specifications": [
              {
                "resource_type": "instance",
                "tags": {
                  "Name": "eks-node-xlarge-01",
                  "alpha_eksctl_io_nodegroup_name": "managed-xlarge-01",
                  "alpha_eksctl_io_nodegroup_type": "managed"
                }
              },
              {
                "resource_type": "volume",
                "tags": {
                  "Name": "eks-node-xlarge-01",
                  "alpha_eksctl_io_nodegroup_name": "managed-xlarge-01",
                  "alpha_eksctl_io_nodegroup_type": "managed"
                }
              },
              {
                "resource_type": "network-interface",
                "tags": {
                  "Name": "eks-node-xlarge-01",
                  "alpha_eksctl_io_nodegroup_name": "managed-xlarge-01",
                  "alpha_eksctl_io_nodegroup_type": "managed"
                }
              }
            ],
            "tags": null,
            "tags_all": {},
            "update_default_version": null,
            "user_data": "",
            "vpc_security_group_ids": null
          },
          "sensitive_attributes": [],
          "private": "bnVsbA=="
        }
      ]
    }
  ],
  "check_results": null
}
